// !$*UTF8*$!
{
	archiveVersion = 1;
	classes = {
	};
	objectVersion = 50;
	objects = {

/* Begin PBXBuildFile section */
		86CE34BD24473EDD00EE1A7E /* AppDelegate.m in Sources */ = {isa = PBXBuildFile; fileRef = 86CE34BC24473EDD00EE1A7E /* AppDelegate.m */; };
		86CE34C024473EDD00EE1A7E /* SceneDelegate.m in Sources */ = {isa = PBXBuildFile; fileRef = 86CE34BF24473EDD00EE1A7E /* SceneDelegate.m */; };
		86CE34C324473EDD00EE1A7E /* ViewController.m in Sources */ = {isa = PBXBuildFile; fileRef = 86CE34C224473EDD00EE1A7E /* ViewController.m */; };
		86CE34C624473EDD00EE1A7E /* Main.storyboard in Resources */ = {isa = PBXBuildFile; fileRef = 86CE34C424473EDD00EE1A7E /* Main.storyboard */; };
		86CE34C824473EDE00EE1A7E /* Assets.xcassets in Resources */ = {isa = PBXBuildFile; fileRef = 86CE34C724473EDE00EE1A7E /* Assets.xcassets */; };
		86CE34CB24473EDE00EE1A7E /* LaunchScreen.storyboard in Resources */ = {isa = PBXBuildFile; fileRef = 86CE34C924473EDE00EE1A7E /* LaunchScreen.storyboard */; };
		86CE34CE24473EDE00EE1A7E /* main.m in Sources */ = {isa = PBXBuildFile; fileRef = 86CE34CD24473EDE00EE1A7E /* main.m */; };
		86CE34DA2447741700EE1A7E /* ClockView.m in Sources */ = {isa = PBXBuildFile; fileRef = 86CE34D92447741700EE1A7E /* ClockView.m */; };
/* End PBXBuildFile section */

/* Begin PBXFileReference section */
		86CE34B824473EDD00EE1A7E /* Pomodoro.app */ = {isa = PBXFileReference; explicitFileType = wrapper.application; includeInIndex = 0; path = Pomodoro.app; sourceTree = BUILT_PRODUCTS_DIR; };
		86CE34BB24473EDD00EE1A7E /* AppDelegate.h */ = {isa = PBXFileReference; lastKnownFileType = sourcecode.c.h; path = AppDelegate.h; sourceTree = "<group>"; };
		86CE34BC24473EDD00EE1A7E /* AppDelegate.m */ = {isa = PBXFileReference; lastKnownFileType = sourcecode.c.objc; path = AppDelegate.m; sourceTree = "<group>"; };
		86CE34BE24473EDD00EE1A7E /* SceneDelegate.h */ = {isa = PBXFileReference; lastKnownFileType = sourcecode.c.h; path = SceneDelegate.h; sourceTree = "<group>"; };
		86CE34BF24473EDD00EE1A7E /* SceneDelegate.m */ = {isa = PBXFileReference; lastKnownFileType = sourcecode.c.objc; path = SceneDelegate.m; sourceTree = "<group>"; };
		86CE34C124473EDD00EE1A7E /* ViewController.h */ = {isa = PBXFileReference; lastKnownFileType = sourcecode.c.h; path = ViewController.h; sourceTree = "<group>"; };
		86CE34C224473EDD00EE1A7E /* ViewController.m */ = {isa = PBXFileReference; lastKnownFileType = sourcecode.c.objc; path = ViewController.m; sourceTree = "<group>"; };
		86CE34C524473EDD00EE1A7E /* Base */ = {isa = PBXFileReference; lastKnownFileType = file.storyboard; name = Base; path = Base.lproj/Main.storyboard; sourceTree = "<group>"; };
		86CE34C724473EDE00EE1A7E /* Assets.xcassets */ = {isa = PBXFileReference; lastKnownFileType = folder.assetcatalog; path = Assets.xcassets; sourceTree = "<group>"; };
		86CE34CA24473EDE00EE1A7E /* Base */ = {isa = PBXFileReference; lastKnownFileType = file.storyboard; name = Base; path = Base.lproj/LaunchScreen.storyboard; sourceTree = "<group>"; };
		86CE34CC24473EDE00EE1A7E /* Info.plist */ = {isa = PBXFileReference; lastKnownFileType = text.plist.xml; path = Info.plist; sourceTree = "<group>"; };
		86CE34CD24473EDE00EE1A7E /* main.m */ = {isa = PBXFileReference; lastKnownFileType = sourcecode.c.objc; path = main.m; sourceTree = "<group>"; };
		86CE34D82447741700EE1A7E /* ClockView.h */ = {isa = PBXFileReference; lastKnownFileType = sourcecode.c.h; path = ClockView.h; sourceTree = "<group>"; };
		86CE34D92447741700EE1A7E /* ClockView.m */ = {isa = PBXFileReference; lastKnownFileType = sourcecode.c.objc; path = ClockView.m; sourceTree = "<group>"; };
/* End PBXFileReference section */

/* Begin PBXFrameworksBuildPhase section */
		86CE34B524473EDD00EE1A7E /* Frameworks */ = {
			isa = PBXFrameworksBuildPhase;
			buildActionMask = 2147483647;
			files = (
			);
			runOnlyForDeploymentPostprocessing = 0;
		};
/* End PBXFrameworksBuildPhase section */

/* Begin PBXGroup section */
		86CE34AF24473EDD00EE1A7E = {
			isa = PBXGroup;
			children = (
				86CE34BA24473EDD00EE1A7E /* Pomodoro */,
				86CE34B924473EDD00EE1A7E /* Products */,
			);
			sourceTree = "<group>";
		};
		86CE34B924473EDD00EE1A7E /* Products */ = {
			isa = PBXGroup;
			children = (
				86CE34B824473EDD00EE1A7E /* Pomodoro.app */,
			);
			name = Products;
			sourceTree = "<group>";
		};
		86CE34BA24473EDD00EE1A7E /* Pomodoro */ = {
			isa = PBXGroup;
			children = (
				86CE34D42447737B00EE1A7E /* ClockGroup */,
				86CE34BB24473EDD00EE1A7E /* AppDelegate.h */,
				86CE34BC24473EDD00EE1A7E /* AppDelegate.m */,
				86CE34BE24473EDD00EE1A7E /* SceneDelegate.h */,
				86CE34BF24473EDD00EE1A7E /* SceneDelegate.m */,
				86CE34C124473EDD00EE1A7E /* ViewController.h */,
				86CE34C224473EDD00EE1A7E /* ViewController.m */,
				86CE34C424473EDD00EE1A7E /* Main.storyboard */,
				86CE34C724473EDE00EE1A7E /* Assets.xcassets */,
				86CE34C924473EDE00EE1A7E /* LaunchScreen.storyboard */,
				86CE34CC24473EDE00EE1A7E /* Info.plist */,
				86CE34CD24473EDE00EE1A7E /* main.m */,
			);
			path = Pomodoro;
			sourceTree = "<group>";
		};
		86CE34D42447737B00EE1A7E /* ClockGroup */ = {
			isa = PBXGroup;
			children = (
				86CE34D82447741700EE1A7E /* ClockView.h */,
				86CE34D92447741700EE1A7E /* ClockView.m */,
			);
			path = ClockGroup;
			sourceTree = "<group>";
		};
/* End PBXGroup section */

/* Begin PBXNativeTarget section */
		86CE34B724473EDD00EE1A7E /* Pomodoro */ = {
			isa = PBXNativeTarget;
			buildConfigurationList = 86CE34D124473EDE00EE1A7E /* Build configuration list for PBXNativeTarget "Pomodoro" */;
			buildPhases = (
				86CE34B424473EDD00EE1A7E /* Sources */,
				86CE34B524473EDD00EE1A7E /* Frameworks */,
				86CE34B624473EDD00EE1A7E /* Resources */,
			);
			buildRules = (
			);
			dependencies = (
			);
			name = Pomodoro;
			productName = Pomodoro;
			productReference = 86CE34B824473EDD00EE1A7E /* Pomodoro.app */;
			productType = "com.apple.product-type.application";
		};
/* End PBXNativeTarget section */

/* Begin PBXProject section */
		86CE34B024473EDD00EE1A7E /* Project object */ = {
			isa = PBXProject;
			attributes = {
				LastUpgradeCheck = 1140;
				ORGANIZATIONNAME = "Uladzislau Volchyk";
				TargetAttributes = {
					86CE34B724473EDD00EE1A7E = {
						CreatedOnToolsVersion = 11.4;
					};
				};
			};
			buildConfigurationList = 86CE34B324473EDD00EE1A7E /* Build configuration list for PBXProject "Pomodoro" */;
			compatibilityVersion = "Xcode 9.3";
			developmentRegion = en;
			hasScannedForEncodings = 0;
			knownRegions = (
				en,
				Base,
			);
			mainGroup = 86CE34AF24473EDD00EE1A7E;
			productRefGroup = 86CE34B924473EDD00EE1A7E /* Products */;
			projectDirPath = "";
			projectRoot = "";
			targets = (
				86CE34B724473EDD00EE1A7E /* Pomodoro */,
			);
		};
/* End PBXProject section */

/* Begin PBXResourcesBuildPhase section */
		86CE34B624473EDD00EE1A7E /* Resources */ = {
			isa = PBXResourcesBuildPhase;
			buildActionMask = 2147483647;
			files = (
				86CE34CB24473EDE00EE1A7E /* LaunchScreen.storyboard in Resources */,
				86CE34C824473EDE00EE1A7E /* Assets.xcassets in Resources */,
				86CE34C624473EDD00EE1A7E /* Main.storyboard in Resources */,
			);
			runOnlyForDeploymentPostprocessing = 0;
		};
/* End PBXResourcesBuildPhase section */

/* Begin PBXSourcesBuildPhase section */
		86CE34B424473EDD00EE1A7E /* Sources */ = {
			isa = PBXSourcesBuildPhase;
			buildActionMask = 2147483647;
			files = (
				86CE34C324473EDD00EE1A7E /* ViewController.m in Sources */,
				86CE34DA2447741700EE1A7E /* ClockView.m in Sources */,
				86CE34BD24473EDD00EE1A7E /* AppDelegate.m in Sources */,
				86CE34CE24473EDE00EE1A7E /* main.m in Sources */,
				86CE34C024473EDD00EE1A7E /* SceneDelegate.m in Sources */,
			);
			runOnlyForDeploymentPostprocessing = 0;
		};
/* End PBXSourcesBuildPhase section */

/* Begin PBXVariantGroup section */
		86CE34C424473EDD00EE1A7E /* Main.storyboard */ = {
			isa = PBXVariantGroup;
			children = (
				86CE34C524473EDD00EE1A7E /* Base */,
			);
			name = Main.storyboard;
			sourceTree = "<group>";
		};
		86CE34C924473EDE00EE1A7E /* LaunchScreen.storyboard */ = {
			isa = PBXVariantGroup;
			children = (
				86CE34CA24473EDE00EE1A7E /* Base */,
			);
			name = LaunchScreen.storyboard;
			sourceTree = "<group>";
		};
/* End PBXVariantGroup section */

/* Begin XCBuildConfiguration section */
		86CE34CF24473EDE00EE1A7E /* Debug */ = {
			isa = XCBuildConfiguration;
			buildSettings = {
				ALWAYS_SEARCH_USER_PATHS = NO;
				CLANG_ANALYZER_NONNULL = YES;
				CLANG_ANALYZER_NUMBER_OBJECT_CONVERSION = YES_AGGRESSIVE;
				CLANG_CXX_LANGUAGE_STANDARD = "gnu++14";
				CLANG_CXX_LIBRARY = "libc++";
				CLANG_ENABLE_MODULES = YES;
				CLANG_ENABLE_OBJC_ARC = YES;
				CLANG_ENABLE_OBJC_WEAK = YES;
				CLANG_WARN_BLOCK_CAPTURE_AUTORELEASING = YES;
				CLANG_WARN_BOOL_CONVERSION = YES;
				CLANG_WARN_COMMA = YES;
				CLANG_WARN_CONSTANT_CONVERSION = YES;
				CLANG_WARN_DEPRECATED_OBJC_IMPLEMENTATIONS = YES;
				CLANG_WARN_DIRECT_OBJC_ISA_USAGE = YES_ERROR;
				CLANG_WARN_DOCUMENTATION_COMMENTS = YES;
				CLANG_WARN_EMPTY_BODY = YES;
				CLANG_WARN_ENUM_CONVERSION = YES;
				CLANG_WARN_INFINITE_RECURSION = YES;
				CLANG_WARN_INT_CONVERSION = YES;
				CLANG_WARN_NON_LITERAL_NULL_CONVERSION = YES;
				CLANG_WARN_OBJC_IMPLICIT_RETAIN_SELF = YES;
				CLANG_WARN_OBJC_LITERAL_CONVERSION = YES;
				CLANG_WARN_OBJC_ROOT_CLASS = YES_ERROR;
				CLANG_WARN_RANGE_LOOP_ANALYSIS = YES;
				CLANG_WARN_STRICT_PROTOTYPES = YES;
				CLANG_WARN_SUSPICIOUS_MOVE = YES;
				CLANG_WARN_UNGUARDED_AVAILABILITY = YES_AGGRESSIVE;
				CLANG_WARN_UNREACHABLE_CODE = YES;
				CLANG_WARN__DUPLICATE_METHOD_MATCH = YES;
				COPY_PHASE_STRIP = NO;
				DEBUG_INFORMATION_FORMAT = dwarf;
				ENABLE_STRICT_OBJC_MSGSEND = YES;
				ENABLE_TESTABILITY = YES;
				GCC_C_LANGUAGE_STANDARD = gnu11;
				GCC_DYNAMIC_NO_PIC = NO;
				GCC_NO_COMMON_BLOCKS = YES;
				GCC_OPTIMIZATION_LEVEL = 0;
				GCC_PREPROCESSOR_DEFINITIONS = (
					"DEBUG=1",
					"$(inherited)",
				);
				GCC_WARN_64_TO_32_BIT_CONVERSION = YES;
				GCC_WARN_ABOUT_RETURN_TYPE = YES_ERROR;
				GCC_WARN_UNDECLARED_SELECTOR = YES;
				GCC_WARN_UNINITIALIZED_AUTOS = YES_AGGRESSIVE;
				GCC_WARN_UNUSED_FUNCTION = YES;
				GCC_WARN_UNUSED_VARIABLE = YES;
				IPHONEOS_DEPLOYMENT_TARGET = 13.4;
				MTL_ENABLE_DEBUG_INFO = INCLUDE_SOURCE;
				MTL_FAST_MATH = YES;
				ONLY_ACTIVE_ARCH = YES;
				SDKROOT = iphoneos;
			};
			name = Debug;
		};
		86CE34D024473EDE00EE1A7E /* Release */ = {
			isa = XCBuildConfiguration;
			buildSettings = {
				ALWAYS_SEARCH_USER_PATHS = NO;
				CLANG_ANALYZER_NONNULL = YES;
				CLANG_ANALYZER_NUMBER_OBJECT_CONVERSION = YES_AGGRESSIVE;
				CLANG_CXX_LANGUAGE_STANDARD = "gnu++14";
				CLANG_CXX_LIBRARY = "libc++";
				CLANG_ENABLE_MODULES = YES;
				CLANG_ENABLE_OBJC_ARC = YES;
				CLANG_ENABLE_OBJC_WEAK = YES;
				CLANG_WARN_BLOCK_CAPTURE_AUTORELEASING = YES;
				CLANG_WARN_BOOL_CONVERSION = YES;
				CLANG_WARN_COMMA = YES;
				CLANG_WARN_CONSTANT_CONVERSION = YES;
				CLANG_WARN_DEPRECATED_OBJC_IMPLEMENTATIONS = YES;
				CLANG_WARN_DIRECT_OBJC_ISA_USAGE = YES_ERROR;
				CLANG_WARN_DOCUMENTATION_COMMENTS = YES;
				CLANG_WARN_EMPTY_BODY = YES;
				CLANG_WARN_ENUM_CONVERSION = YES;
				CLANG_WARN_INFINITE_RECURSION = YES;
				CLANG_WARN_INT_CONVERSION = YES;
				CLANG_WARN_NON_LITERAL_NULL_CONVERSION = YES;
				CLANG_WARN_OBJC_IMPLICIT_RETAIN_SELF = YES;
				CLANG_WARN_OBJC_LITERAL_CONVERSION = YES;
				CLANG_WARN_OBJC_ROOT_CLASS = YES_ERROR;
				CLANG_WARN_RANGE_LOOP_ANALYSIS = YES;
				CLANG_WARN_STRICT_PROTOTYPES = YES;
				CLANG_WARN_SUSPICIOUS_MOVE = YES;
				CLANG_WARN_UNGUARDED_AVAILABILITY = YES_AGGRESSIVE;
				CLANG_WARN_UNREACHABLE_CODE = YES;
				CLANG_WARN__DUPLICATE_METHOD_MATCH = YES;
				COPY_PHASE_STRIP = NO;
				DEBUG_INFORMATION_FORMAT = "dwarf-with-dsym";
				ENABLE_NS_ASSERTIONS = NO;
				ENABLE_STRICT_OBJC_MSGSEND = YES;
				GCC_C_LANGUAGE_STANDARD = gnu11;
				GCC_NO_COMMON_BLOCKS = YES;
				GCC_WARN_64_TO_32_BIT_CONVERSION = YES;
				GCC_WARN_ABOUT_RETURN_TYPE = YES_ERROR;
				GCC_WARN_UNDECLARED_SELECTOR = YES;
				GCC_WARN_UNINITIALIZED_AUTOS = YES_AGGRESSIVE;
				GCC_WARN_UNUSED_FUNCTION = YES;
				GCC_WARN_UNUSED_VARIABLE = YES;
				IPHONEOS_DEPLOYMENT_TARGET = 13.4;
				MTL_ENABLE_DEBUG_INFO = NO;
				MTL_FAST_MATH = YES;
				SDKROOT = iphoneos;
				VALIDATE_PRODUCT = YES;
			};
			name = Release;
		};
		86CE34D224473EDE00EE1A7E /* Debug */ = {
			isa = XCBuildConfiguration;
			buildSettings = {
				ASSETCATALOG_COMPILER_APPICON_NAME = AppIcon;
				CODE_SIGN_STYLE = Automatic;
				DEVELOPMENT_TEAM = 7YP67DVLV3;
				INFOPLIST_FILE = Pomodoro/Info.plist;
				LD_RUNPATH_SEARCH_PATHS = (
					"$(inherited)",
					"@executable_path/Frameworks",
				);
				PRODUCT_BUNDLE_IDENTIFIER = com.uvolchyk.Pomodoro;
				PRODUCT_NAME = "$(TARGET_NAME)";
				TARGETED_DEVICE_FAMILY = "1,2";
			};
			name = Debug;
		};
		86CE34D324473EDE00EE1A7E /* Release */ = {
			isa = XCBuildConfiguration;
			buildSettings = {
				ASSETCATALOG_COMPILER_APPICON_NAME = AppIcon;
				CODE_SIGN_STYLE = Automatic;
				DEVELOPMENT_TEAM = 7YP67DVLV3;
				INFOPLIST_FILE = Pomodoro/Info.plist;
				LD_RUNPATH_SEARCH_PATHS = (
					"$(inherited)",
					"@executable_path/Frameworks",
				);
				PRODUCT_BUNDLE_IDENTIFIER = com.uvolchyk.Pomodoro;
				PRODUCT_NAME = "$(TARGET_NAME)";
				TARGETED_DEVICE_FAMILY = "1,2";
			};
			name = Release;
		};
/* End XCBuildConfiguration section */

/* Begin XCConfigurationList section */
		86CE34B324473EDD00EE1A7E /* Build configuration list for PBXProject "Pomodoro" */ = {
			isa = XCConfigurationList;
			buildConfigurations = (
				86CE34CF24473EDE00EE1A7E /* Debug */,
				86CE34D024473EDE00EE1A7E /* Release */,
			);
			defaultConfigurationIsVisible = 0;
			defaultConfigurationName = Release;
		};
		86CE34D124473EDE00EE1A7E /* Build configuration list for PBXNativeTarget "Pomodoro" */ = {
			isa = XCConfigurationList;
			buildConfigurations = (
				86CE34D224473EDE00EE1A7E /* Debug */,
				86CE34D324473EDE00EE1A7E /* Release */,
			);
			defaultConfigurationIsVisible = 0;
			defaultConfigurationName = Release;
		};
/* End XCConfigurationList section */
	};
	rootObject = 86CE34B024473EDD00EE1A7E /* Project object */;
}
